
Microsoft Visual Studio Solution File, Format Version 12.00
# Visual Studio 15
VisualStudioVersion = 15.0.27428.2002
MinimumVisualStudioVersion = 10.0.40219.1
Project("{FAE04EC0-301F-11D3-BF4B-00C04F79EFBC}") = "HP Calculator", "HP Calculator\HP Calculator.csproj", "{2C7EACA1-E33C-481E-A596-4F20109E525F}"
EndProject
Global
	GlobalSection(SolutionConfigurationPlatforms) = preSolution
		Debug|Any CPU = Debug|Any CPU
		Release|Any CPU = Release|Any CPU
	EndGlobalSection
	GlobalSection(ProjectConfigurationPlatforms) = postSolution
		{2C7EACA1-E33C-481E-A596-4F20109E525F}.Debug|Any CPU.ActiveCfg = Debug|Any CPU
		{2C7EACA1-E33C-481E-A596-4F20109E525F}.Debug|Any CPU.Build.0 = Debug|Any CPU
		{2C7EACA1-E33C-481E-A596-4F20109E525F}.Release|Any CPU.ActiveCfg = Release|Any CPU
		{2C7EACA1-E33C-481E-A596-4F20109E525F}.Release|Any CPU.Build.0 = Release|Any CPU
	EndGlobalSection
	GlobalSection(SolutionProperties) = preSolution
		HideSolutionNode = FALSE
	EndGlobalSection
	GlobalSection(ExtensibilityGlobals) = postSolution
		SolutionGuid = {63CDCF7C-F122-43D5-985B-6E46FA0B7862}
	EndGlobalSection
EndGlobal
